
Microsoft Visual Studio Solution File, Format Version 12.00
# Visual Studio 15
VisualStudioVersion = 15.0.28307.645
MinimumVisualStudioVersion = 10.0.40219.1
Project("{FAE04EC0-301F-11D3-BF4B-00C04F79EFBC}") = "Eqasions_github", "Eqasions_github\Eqasions_github.csproj", "{30C04703-2A35-4612-8980-D70BF3B98DA5}"
EndProject
Global
	GlobalSection(SolutionConfigurationPlatforms) = preSolution
		Debug|Any CPU = Debug|Any CPU
		Release|Any CPU = Release|Any CPU
	EndGlobalSection
	GlobalSection(ProjectConfigurationPlatforms) = postSolution
		{30C04703-2A35-4612-8980-D70BF3B98DA5}.Debug|Any CPU.ActiveCfg = Debug|Any CPU
		{30C04703-2A35-4612-8980-D70BF3B98DA5}.Debug|Any CPU.Build.0 = Debug|Any CPU
		{30C04703-2A35-4612-8980-D70BF3B98DA5}.Release|Any CPU.ActiveCfg = Release|Any CPU
		{30C04703-2A35-4612-8980-D70BF3B98DA5}.Release|Any CPU.Build.0 = Release|Any CPU
	EndGlobalSection
	GlobalSection(SolutionProperties) = preSolution
		HideSolutionNode = FALSE
	EndGlobalSection
	GlobalSection(ExtensibilityGlobals) = postSolution
		SolutionGuid = {C8BF4D03-D2CF-471C-B184-8024AEB5731C}
	EndGlobalSection
EndGlobal
